// !$*UTF8*$!
{
	archiveVersion = 1;
	classes = {
	};
	objectVersion = 50;
	objects = {

/* Begin PBXBuildFile section */
		251FF58021C92A4200891BA0 /* AppDelegate.swift in Sources */ = {isa = PBXBuildFile; fileRef = 251FF57F21C92A4200891BA0 /* AppDelegate.swift */; };
		251FF58221C92A4200891BA0 /* HomeController.swift in Sources */ = {isa = PBXBuildFile; fileRef = 251FF58121C92A4200891BA0 /* HomeController.swift */; };
		251FF58521C92A4200891BA0 /* Main.storyboard in Resources */ = {isa = PBXBuildFile; fileRef = 251FF58321C92A4200891BA0 /* Main.storyboard */; };
		251FF58721C92A4400891BA0 /* Assets.xcassets in Resources */ = {isa = PBXBuildFile; fileRef = 251FF58621C92A4400891BA0 /* Assets.xcassets */; };
		251FF58A21C92A4400891BA0 /* LaunchScreen.storyboard in Resources */ = {isa = PBXBuildFile; fileRef = 251FF58821C92A4400891BA0 /* LaunchScreen.storyboard */; };
		251FF59321C92C5800891BA0 /* Extensions+UIView.swift in Sources */ = {isa = PBXBuildFile; fileRef = 251FF59221C92C5800891BA0 /* Extensions+UIView.swift */; };
		251FF59621CA7B8700891BA0 /* HomeBottomControlsStackView.swift in Sources */ = {isa = PBXBuildFile; fileRef = 251FF59521CA7B8600891BA0 /* HomeBottomControlsStackView.swift */; };
		251FF59821CA7F0800891BA0 /* TopNavigationStackView.swift in Sources */ = {isa = PBXBuildFile; fileRef = 251FF59721CA7F0800891BA0 /* TopNavigationStackView.swift */; };
		251FF59A21CA8B0200891BA0 /* CardView.swift in Sources */ = {isa = PBXBuildFile; fileRef = 251FF59921CA8B0200891BA0 /* CardView.swift */; };
		251FF59D21CBCD2800891BA0 /* User.swift in Sources */ = {isa = PBXBuildFile; fileRef = 251FF59C21CBCD2800891BA0 /* User.swift */; };
		251FF5A121CBE4C500891BA0 /* CardViewModel.swift in Sources */ = {isa = PBXBuildFile; fileRef = 251FF5A021CBE4C500891BA0 /* CardViewModel.swift */; };
		254B5ECC221DFD3500135BB7 /* SettingsController.swift in Sources */ = {isa = PBXBuildFile; fileRef = 254B5ECB221DFD3500135BB7 /* SettingsController.swift */; };
		25BC6B6E21EF7C1000EA1E6B /* RegistrationController.swift in Sources */ = {isa = PBXBuildFile; fileRef = 25BC6B6D21EF7C1000EA1E6B /* RegistrationController.swift */; };
		25BC6B7021EF80AA00EA1E6B /* CustomTextField.swift in Sources */ = {isa = PBXBuildFile; fileRef = 25BC6B6F21EF80AA00EA1E6B /* CustomTextField.swift */; };
		25BC6B7221F0D1A200EA1E6B /* GoogleService-Info.plist in Resources */ = {isa = PBXBuildFile; fileRef = 25BC6B7121F0D1A200EA1E6B /* GoogleService-Info.plist */; };
		25BC6B7421F0D87300EA1E6B /* RegistrationViewModel.swift in Sources */ = {isa = PBXBuildFile; fileRef = 25BC6B7321F0D87300EA1E6B /* RegistrationViewModel.swift */; };
		25BC6B7621F2332600EA1E6B /* Bindable.swift in Sources */ = {isa = PBXBuildFile; fileRef = 25BC6B7521F2332600EA1E6B /* Bindable.swift */; };
		25DD934E21E3898700B68424 /* Advertiser.swift in Sources */ = {isa = PBXBuildFile; fileRef = 25DD934D21E3898700B68424 /* Advertiser.swift */; };
		4A780C62C7DB91C7CFFE2D4D /* Pods_SwipeMatchFirestore.framework in Frameworks */ = {isa = PBXBuildFile; fileRef = 7685E62FBDF3C6AC25151EB1 /* Pods_SwipeMatchFirestore.framework */; };
/* End PBXBuildFile section */

/* Begin PBXFileReference section */
		251FF57C21C92A4200891BA0 /* SwipeMatchFirestore.app */ = {isa = PBXFileReference; explicitFileType = wrapper.application; includeInIndex = 0; path = SwipeMatchFirestore.app; sourceTree = BUILT_PRODUCTS_DIR; };
		251FF57F21C92A4200891BA0 /* AppDelegate.swift */ = {isa = PBXFileReference; lastKnownFileType = sourcecode.swift; path = AppDelegate.swift; sourceTree = "<group>"; };
		251FF58121C92A4200891BA0 /* HomeController.swift */ = {isa = PBXFileReference; lastKnownFileType = sourcecode.swift; path = HomeController.swift; sourceTree = "<group>"; };
		251FF58421C92A4200891BA0 /* Base */ = {isa = PBXFileReference; lastKnownFileType = file.storyboard; name = Base; path = Base.lproj/Main.storyboard; sourceTree = "<group>"; };
		251FF58621C92A4400891BA0 /* Assets.xcassets */ = {isa = PBXFileReference; lastKnownFileType = folder.assetcatalog; path = Assets.xcassets; sourceTree = "<group>"; };
		251FF58921C92A4400891BA0 /* Base */ = {isa = PBXFileReference; lastKnownFileType = file.storyboard; name = Base; path = Base.lproj/LaunchScreen.storyboard; sourceTree = "<group>"; };
		251FF58B21C92A4400891BA0 /* Info.plist */ = {isa = PBXFileReference; lastKnownFileType = text.plist.xml; path = Info.plist; sourceTree = "<group>"; };
		251FF59221C92C5800891BA0 /* Extensions+UIView.swift */ = {isa = PBXFileReference; fileEncoding = 4; lastKnownFileType = sourcecode.swift; path = "Extensions+UIView.swift"; sourceTree = "<group>"; };
		251FF59521CA7B8600891BA0 /* HomeBottomControlsStackView.swift */ = {isa = PBXFileReference; lastKnownFileType = sourcecode.swift; path = HomeBottomControlsStackView.swift; sourceTree = "<group>"; };
		251FF59721CA7F0800891BA0 /* TopNavigationStackView.swift */ = {isa = PBXFileReference; lastKnownFileType = sourcecode.swift; path = TopNavigationStackView.swift; sourceTree = "<group>"; };
		251FF59921CA8B0200891BA0 /* CardView.swift */ = {isa = PBXFileReference; lastKnownFileType = sourcecode.swift; path = CardView.swift; sourceTree = "<group>"; };
		251FF59C21CBCD2800891BA0 /* User.swift */ = {isa = PBXFileReference; lastKnownFileType = sourcecode.swift; path = User.swift; sourceTree = "<group>"; };
		251FF5A021CBE4C500891BA0 /* CardViewModel.swift */ = {isa = PBXFileReference; lastKnownFileType = sourcecode.swift; path = CardViewModel.swift; sourceTree = "<group>"; };
		254B5ECB221DFD3500135BB7 /* SettingsController.swift */ = {isa = PBXFileReference; lastKnownFileType = sourcecode.swift; path = SettingsController.swift; sourceTree = "<group>"; };
		25BC6B6D21EF7C1000EA1E6B /* RegistrationController.swift */ = {isa = PBXFileReference; lastKnownFileType = sourcecode.swift; path = RegistrationController.swift; sourceTree = "<group>"; };
		25BC6B6F21EF80AA00EA1E6B /* CustomTextField.swift */ = {isa = PBXFileReference; lastKnownFileType = sourcecode.swift; path = CustomTextField.swift; sourceTree = "<group>"; };
		25BC6B7121F0D1A200EA1E6B /* GoogleService-Info.plist */ = {isa = PBXFileReference; fileEncoding = 4; lastKnownFileType = text.plist.xml; path = "GoogleService-Info.plist"; sourceTree = "<group>"; };
		25BC6B7321F0D87300EA1E6B /* RegistrationViewModel.swift */ = {isa = PBXFileReference; lastKnownFileType = sourcecode.swift; path = RegistrationViewModel.swift; sourceTree = "<group>"; };
		25BC6B7521F2332600EA1E6B /* Bindable.swift */ = {isa = PBXFileReference; lastKnownFileType = sourcecode.swift; path = Bindable.swift; sourceTree = "<group>"; };
		25DD934D21E3898700B68424 /* Advertiser.swift */ = {isa = PBXFileReference; lastKnownFileType = sourcecode.swift; path = Advertiser.swift; sourceTree = "<group>"; };
		60BA3B98FF71042A8235E0A1 /* Pods-SwipeMatchFirestore.debug.xcconfig */ = {isa = PBXFileReference; includeInIndex = 1; lastKnownFileType = text.xcconfig; name = "Pods-SwipeMatchFirestore.debug.xcconfig"; path = "Pods/Target Support Files/Pods-SwipeMatchFirestore/Pods-SwipeMatchFirestore.debug.xcconfig"; sourceTree = "<group>"; };
		7685E62FBDF3C6AC25151EB1 /* Pods_SwipeMatchFirestore.framework */ = {isa = PBXFileReference; explicitFileType = wrapper.framework; includeInIndex = 0; path = Pods_SwipeMatchFirestore.framework; sourceTree = BUILT_PRODUCTS_DIR; };
		DCF763684DD4C4D6E4F8F720 /* Pods-SwipeMatchFirestore.release.xcconfig */ = {isa = PBXFileReference; includeInIndex = 1; lastKnownFileType = text.xcconfig; name = "Pods-SwipeMatchFirestore.release.xcconfig"; path = "Pods/Target Support Files/Pods-SwipeMatchFirestore/Pods-SwipeMatchFirestore.release.xcconfig"; sourceTree = "<group>"; };
/* End PBXFileReference section */

/* Begin PBXFrameworksBuildPhase section */
		251FF57921C92A4200891BA0 /* Frameworks */ = {
			isa = PBXFrameworksBuildPhase;
			buildActionMask = 2147483647;
			files = (
				4A780C62C7DB91C7CFFE2D4D /* Pods_SwipeMatchFirestore.framework in Frameworks */,
			);
			runOnlyForDeploymentPostprocessing = 0;
		};
/* End PBXFrameworksBuildPhase section */

/* Begin PBXGroup section */
		251FF57321C92A4100891BA0 = {
			isa = PBXGroup;
			children = (
				251FF57E21C92A4200891BA0 /* SwipeMatchFirestore */,
				251FF57D21C92A4200891BA0 /* Products */,
				CBFE57AE534D5336A0C54DCF /* Pods */,
				562A9202E1BA05BA9A1BBBE5 /* Frameworks */,
			);
			sourceTree = "<group>";
		};
		251FF57D21C92A4200891BA0 /* Products */ = {
			isa = PBXGroup;
			children = (
				251FF57C21C92A4200891BA0 /* SwipeMatchFirestore.app */,
			);
			name = Products;
			sourceTree = "<group>";
		};
		251FF57E21C92A4200891BA0 /* SwipeMatchFirestore */ = {
			isa = PBXGroup;
			children = (
				251FF59F21CBE4AB00891BA0 /* ViewModels */,
				251FF59E21CBE3A300891BA0 /* Controllers */,
				251FF59B21CBCD1900891BA0 /* Model */,
				251FF59421CA7B5500891BA0 /* Views */,
				251FF59121C92C1A00891BA0 /* Extensions */,
				251FF57F21C92A4200891BA0 /* AppDelegate.swift */,
				25BC6B7521F2332600EA1E6B /* Bindable.swift */,
				251FF58321C92A4200891BA0 /* Main.storyboard */,
				251FF58621C92A4400891BA0 /* Assets.xcassets */,
				251FF58821C92A4400891BA0 /* LaunchScreen.storyboard */,
				25BC6B7121F0D1A200EA1E6B /* GoogleService-Info.plist */,
				251FF58B21C92A4400891BA0 /* Info.plist */,
			);
			path = SwipeMatchFirestore;
			sourceTree = "<group>";
		};
		251FF59121C92C1A00891BA0 /* Extensions */ = {
			isa = PBXGroup;
			children = (
				251FF59221C92C5800891BA0 /* Extensions+UIView.swift */,
			);
			path = Extensions;
			sourceTree = "<group>";
		};
		251FF59421CA7B5500891BA0 /* Views */ = {
			isa = PBXGroup;
			children = (
				251FF59521CA7B8600891BA0 /* HomeBottomControlsStackView.swift */,
				251FF59721CA7F0800891BA0 /* TopNavigationStackView.swift */,
				251FF59921CA8B0200891BA0 /* CardView.swift */,
				25BC6B6F21EF80AA00EA1E6B /* CustomTextField.swift */,
			);
			path = Views;
			sourceTree = "<group>";
		};
		251FF59B21CBCD1900891BA0 /* Model */ = {
			isa = PBXGroup;
			children = (
				251FF59C21CBCD2800891BA0 /* User.swift */,
				25DD934D21E3898700B68424 /* Advertiser.swift */,
			);
			path = Model;
			sourceTree = "<group>";
		};
		251FF59E21CBE3A300891BA0 /* Controllers */ = {
			isa = PBXGroup;
			children = (
				251FF58121C92A4200891BA0 /* HomeController.swift */,
				25BC6B6D21EF7C1000EA1E6B /* RegistrationController.swift */,
				254B5ECB221DFD3500135BB7 /* SettingsController.swift */,
			);
			path = Controllers;
			sourceTree = "<group>";
		};
		251FF59F21CBE4AB00891BA0 /* ViewModels */ = {
			isa = PBXGroup;
			children = (
				251FF5A021CBE4C500891BA0 /* CardViewModel.swift */,
				25BC6B7321F0D87300EA1E6B /* RegistrationViewModel.swift */,
			);
			path = ViewModels;
			sourceTree = "<group>";
		};
		562A9202E1BA05BA9A1BBBE5 /* Frameworks */ = {
			isa = PBXGroup;
			children = (
				7685E62FBDF3C6AC25151EB1 /* Pods_SwipeMatchFirestore.framework */,
			);
			name = Frameworks;
			sourceTree = "<group>";
		};
		CBFE57AE534D5336A0C54DCF /* Pods */ = {
			isa = PBXGroup;
			children = (
				60BA3B98FF71042A8235E0A1 /* Pods-SwipeMatchFirestore.debug.xcconfig */,
				DCF763684DD4C4D6E4F8F720 /* Pods-SwipeMatchFirestore.release.xcconfig */,
			);
			name = Pods;
			sourceTree = "<group>";
		};
/* End PBXGroup section */

/* Begin PBXNativeTarget section */
		251FF57B21C92A4200891BA0 /* SwipeMatchFirestore */ = {
			isa = PBXNativeTarget;
			buildConfigurationList = 251FF58E21C92A4400891BA0 /* Build configuration list for PBXNativeTarget "SwipeMatchFirestore" */;
			buildPhases = (
				FFE3F899346E0F6248D11830 /* [CP] Check Pods Manifest.lock */,
				251FF57821C92A4200891BA0 /* Sources */,
				251FF57921C92A4200891BA0 /* Frameworks */,
				251FF57A21C92A4200891BA0 /* Resources */,
				0EE72F37DB76BF0BA2B0ED71 /* [CP] Embed Pods Frameworks */,
				A777550734D77552ED2A9AA4 /* [CP] Copy Pods Resources */,
			);
			buildRules = (
			);
			dependencies = (
			);
			name = SwipeMatchFirestore;
			productName = SwipeMatchFirestore;
			productReference = 251FF57C21C92A4200891BA0 /* SwipeMatchFirestore.app */;
			productType = "com.apple.product-type.application";
		};
/* End PBXNativeTarget section */

/* Begin PBXProject section */
		251FF57421C92A4200891BA0 /* Project object */ = {
			isa = PBXProject;
			attributes = {
				LastSwiftUpdateCheck = 1010;
				LastUpgradeCheck = 1010;
				ORGANIZATIONNAME = "Donovan Wilbur";
				TargetAttributes = {
					251FF57B21C92A4200891BA0 = {
						CreatedOnToolsVersion = 10.1;
					};
				};
			};
			buildConfigurationList = 251FF57721C92A4200891BA0 /* Build configuration list for PBXProject "SwipeMatchFirestore" */;
			compatibilityVersion = "Xcode 9.3";
			developmentRegion = en;
			hasScannedForEncodings = 0;
			knownRegions = (
				en,
				Base,
			);
			mainGroup = 251FF57321C92A4100891BA0;
			productRefGroup = 251FF57D21C92A4200891BA0 /* Products */;
			projectDirPath = "";
			projectRoot = "";
			targets = (
				251FF57B21C92A4200891BA0 /* SwipeMatchFirestore */,
			);
		};
/* End PBXProject section */

/* Begin PBXResourcesBuildPhase section */
		251FF57A21C92A4200891BA0 /* Resources */ = {
			isa = PBXResourcesBuildPhase;
			buildActionMask = 2147483647;
			files = (
				251FF58A21C92A4400891BA0 /* LaunchScreen.storyboard in Resources */,
				25BC6B7221F0D1A200EA1E6B /* GoogleService-Info.plist in Resources */,
				251FF58721C92A4400891BA0 /* Assets.xcassets in Resources */,
				251FF58521C92A4200891BA0 /* Main.storyboard in Resources */,
			);
			runOnlyForDeploymentPostprocessing = 0;
		};
/* End PBXResourcesBuildPhase section */

/* Begin PBXShellScriptBuildPhase section */
		0EE72F37DB76BF0BA2B0ED71 /* [CP] Embed Pods Frameworks */ = {
			isa = PBXShellScriptBuildPhase;
			buildActionMask = 2147483647;
			files = (
			);
			inputPaths = (
				"${SRCROOT}/Pods/Target Support Files/Pods-SwipeMatchFirestore/Pods-SwipeMatchFirestore-frameworks.sh",
				"${BUILT_PRODUCTS_DIR}/BoringSSL/openssl.framework",
				"${BUILT_PRODUCTS_DIR}/GTMSessionFetcher/GTMSessionFetcher.framework",
				"${BUILT_PRODUCTS_DIR}/GoogleUtilities/GoogleUtilities.framework",
				"${BUILT_PRODUCTS_DIR}/JGProgressHUD/JGProgressHUD.framework",
				"${BUILT_PRODUCTS_DIR}/Protobuf/Protobuf.framework",
				"${BUILT_PRODUCTS_DIR}/SDWebImage/SDWebImage.framework",
				"${BUILT_PRODUCTS_DIR}/gRPC-C++/grpcpp.framework",
				"${BUILT_PRODUCTS_DIR}/gRPC-Core/grpc.framework",
				"${BUILT_PRODUCTS_DIR}/leveldb-library/leveldb.framework",
				"${BUILT_PRODUCTS_DIR}/nanopb/nanopb.framework",
			);
			name = "[CP] Embed Pods Frameworks";
			outputPaths = (
				"${TARGET_BUILD_DIR}/${FRAMEWORKS_FOLDER_PATH}/openssl.framework",
				"${TARGET_BUILD_DIR}/${FRAMEWORKS_FOLDER_PATH}/GTMSessionFetcher.framework",
				"${TARGET_BUILD_DIR}/${FRAMEWORKS_FOLDER_PATH}/GoogleUtilities.framework",
				"${TARGET_BUILD_DIR}/${FRAMEWORKS_FOLDER_PATH}/JGProgressHUD.framework",
				"${TARGET_BUILD_DIR}/${FRAMEWORKS_FOLDER_PATH}/Protobuf.framework",
				"${TARGET_BUILD_DIR}/${FRAMEWORKS_FOLDER_PATH}/SDWebImage.framework",
				"${TARGET_BUILD_DIR}/${FRAMEWORKS_FOLDER_PATH}/grpcpp.framework",
				"${TARGET_BUILD_DIR}/${FRAMEWORKS_FOLDER_PATH}/grpc.framework",
				"${TARGET_BUILD_DIR}/${FRAMEWORKS_FOLDER_PATH}/leveldb.framework",
				"${TARGET_BUILD_DIR}/${FRAMEWORKS_FOLDER_PATH}/nanopb.framework",
			);
			runOnlyForDeploymentPostprocessing = 0;
			shellPath = /bin/sh;
			shellScript = "\"${SRCROOT}/Pods/Target Support Files/Pods-SwipeMatchFirestore/Pods-SwipeMatchFirestore-frameworks.sh\"\n";
			showEnvVarsInLog = 0;
		};
		A777550734D77552ED2A9AA4 /* [CP] Copy Pods Resources */ = {
			isa = PBXShellScriptBuildPhase;
			buildActionMask = 2147483647;
			files = (
			);
			inputPaths = (
				"${SRCROOT}/Pods/Target Support Files/Pods-SwipeMatchFirestore/Pods-SwipeMatchFirestore-resources.sh",
				"${PODS_CONFIGURATION_BUILD_DIR}/FirebaseFirestore/gRPCCertificates-Firestore.bundle",
			);
			name = "[CP] Copy Pods Resources";
			outputPaths = (
				"${TARGET_BUILD_DIR}/${UNLOCALIZED_RESOURCES_FOLDER_PATH}/gRPCCertificates-Firestore.bundle",
			);
			runOnlyForDeploymentPostprocessing = 0;
			shellPath = /bin/sh;
			shellScript = "\"${SRCROOT}/Pods/Target Support Files/Pods-SwipeMatchFirestore/Pods-SwipeMatchFirestore-resources.sh\"\n";
			showEnvVarsInLog = 0;
		};
		FFE3F899346E0F6248D11830 /* [CP] Check Pods Manifest.lock */ = {
			isa = PBXShellScriptBuildPhase;
			buildActionMask = 2147483647;
			files = (
			);
			inputPaths = (
				"${PODS_PODFILE_DIR_PATH}/Podfile.lock",
				"${PODS_ROOT}/Manifest.lock",
			);
			name = "[CP] Check Pods Manifest.lock";
			outputPaths = (
				"$(DERIVED_FILE_DIR)/Pods-SwipeMatchFirestore-checkManifestLockResult.txt",
			);
			runOnlyForDeploymentPostprocessing = 0;
			shellPath = /bin/sh;
			shellScript = "diff \"${PODS_PODFILE_DIR_PATH}/Podfile.lock\" \"${PODS_ROOT}/Manifest.lock\" > /dev/null\nif [ $? != 0 ] ; then\n    # print error to STDERR\n    echo \"error: The sandbox is not in sync with the Podfile.lock. Run 'pod install' or update your CocoaPods installation.\" >&2\n    exit 1\nfi\n# This output is used by Xcode 'outputs' to avoid re-running this script phase.\necho \"SUCCESS\" > \"${SCRIPT_OUTPUT_FILE_0}\"\n";
			showEnvVarsInLog = 0;
		};
/* End PBXShellScriptBuildPhase section */

/* Begin PBXSourcesBuildPhase section */
		251FF57821C92A4200891BA0 /* Sources */ = {
			isa = PBXSourcesBuildPhase;
			buildActionMask = 2147483647;
			files = (
				25BC6B7621F2332600EA1E6B /* Bindable.swift in Sources */,
				251FF58221C92A4200891BA0 /* HomeController.swift in Sources */,
				25BC6B7421F0D87300EA1E6B /* RegistrationViewModel.swift in Sources */,
				25BC6B7021EF80AA00EA1E6B /* CustomTextField.swift in Sources */,
				251FF59621CA7B8700891BA0 /* HomeBottomControlsStackView.swift in Sources */,
				25DD934E21E3898700B68424 /* Advertiser.swift in Sources */,
				251FF58021C92A4200891BA0 /* AppDelegate.swift in Sources */,
				251FF59321C92C5800891BA0 /* Extensions+UIView.swift in Sources */,
				251FF5A121CBE4C500891BA0 /* CardViewModel.swift in Sources */,
				251FF59A21CA8B0200891BA0 /* CardView.swift in Sources */,
				254B5ECC221DFD3500135BB7 /* SettingsController.swift in Sources */,
				251FF59821CA7F0800891BA0 /* TopNavigationStackView.swift in Sources */,
				251FF59D21CBCD2800891BA0 /* User.swift in Sources */,
				25BC6B6E21EF7C1000EA1E6B /* RegistrationController.swift in Sources */,
			);
			runOnlyForDeploymentPostprocessing = 0;
		};
/* End PBXSourcesBuildPhase section */

/* Begin PBXVariantGroup section */
		251FF58321C92A4200891BA0 /* Main.storyboard */ = {
			isa = PBXVariantGroup;
			children = (
				251FF58421C92A4200891BA0 /* Base */,
			);
			name = Main.storyboard;
			sourceTree = "<group>";
		};
		251FF58821C92A4400891BA0 /* LaunchScreen.storyboard */ = {
			isa = PBXVariantGroup;
			children = (
				251FF58921C92A4400891BA0 /* Base */,
			);
			name = LaunchScreen.storyboard;
			sourceTree = "<group>";
		};
/* End PBXVariantGroup section */

/* Begin XCBuildConfiguration section */
		251FF58C21C92A4400891BA0 /* Debug */ = {
			isa = XCBuildConfiguration;
			buildSettings = {
				ALWAYS_SEARCH_USER_PATHS = NO;
				CLANG_ANALYZER_NONNULL = YES;
				CLANG_ANALYZER_NUMBER_OBJECT_CONVERSION = YES_AGGRESSIVE;
				CLANG_CXX_LANGUAGE_STANDARD = "gnu++14";
				CLANG_CXX_LIBRARY = "libc++";
				CLANG_ENABLE_MODULES = YES;
				CLANG_ENABLE_OBJC_ARC = YES;
				CLANG_ENABLE_OBJC_WEAK = YES;
				CLANG_WARN_BLOCK_CAPTURE_AUTORELEASING = YES;
				CLANG_WARN_BOOL_CONVERSION = YES;
				CLANG_WARN_COMMA = YES;
				CLANG_WARN_CONSTANT_CONVERSION = YES;
				CLANG_WARN_DEPRECATED_OBJC_IMPLEMENTATIONS = YES;
				CLANG_WARN_DIRECT_OBJC_ISA_USAGE = YES_ERROR;
				CLANG_WARN_DOCUMENTATION_COMMENTS = YES;
				CLANG_WARN_EMPTY_BODY = YES;
				CLANG_WARN_ENUM_CONVERSION = YES;
				CLANG_WARN_INFINITE_RECURSION = YES;
				CLANG_WARN_INT_CONVERSION = YES;
				CLANG_WARN_NON_LITERAL_NULL_CONVERSION = YES;
				CLANG_WARN_OBJC_IMPLICIT_RETAIN_SELF = YES;
				CLANG_WARN_OBJC_LITERAL_CONVERSION = YES;
				CLANG_WARN_OBJC_ROOT_CLASS = YES_ERROR;
				CLANG_WARN_RANGE_LOOP_ANALYSIS = YES;
				CLANG_WARN_STRICT_PROTOTYPES = YES;
				CLANG_WARN_SUSPICIOUS_MOVE = YES;
				CLANG_WARN_UNGUARDED_AVAILABILITY = YES_AGGRESSIVE;
				CLANG_WARN_UNREACHABLE_CODE = YES;
				CLANG_WARN__DUPLICATE_METHOD_MATCH = YES;
				CODE_SIGN_IDENTITY = "iPhone Developer";
				COPY_PHASE_STRIP = NO;
				DEBUG_INFORMATION_FORMAT = dwarf;
				ENABLE_STRICT_OBJC_MSGSEND = YES;
				ENABLE_TESTABILITY = YES;
				GCC_C_LANGUAGE_STANDARD = gnu11;
				GCC_DYNAMIC_NO_PIC = NO;
				GCC_NO_COMMON_BLOCKS = YES;
				GCC_OPTIMIZATION_LEVEL = 0;
				GCC_PREPROCESSOR_DEFINITIONS = (
					"DEBUG=1",
					"$(inherited)",
				);
				GCC_WARN_64_TO_32_BIT_CONVERSION = YES;
				GCC_WARN_ABOUT_RETURN_TYPE = YES_ERROR;
				GCC_WARN_UNDECLARED_SELECTOR = YES;
				GCC_WARN_UNINITIALIZED_AUTOS = YES_AGGRESSIVE;
				GCC_WARN_UNUSED_FUNCTION = YES;
				GCC_WARN_UNUSED_VARIABLE = YES;
				IPHONEOS_DEPLOYMENT_TARGET = 12.1;
				MTL_ENABLE_DEBUG_INFO = INCLUDE_SOURCE;
				MTL_FAST_MATH = YES;
				ONLY_ACTIVE_ARCH = YES;
				SDKROOT = iphoneos;
				SWIFT_ACTIVE_COMPILATION_CONDITIONS = DEBUG;
				SWIFT_OPTIMIZATION_LEVEL = "-Onone";
			};
			name = Debug;
		};
		251FF58D21C92A4400891BA0 /* Release */ = {
			isa = XCBuildConfiguration;
			buildSettings = {
				ALWAYS_SEARCH_USER_PATHS = NO;
				CLANG_ANALYZER_NONNULL = YES;
				CLANG_ANALYZER_NUMBER_OBJECT_CONVERSION = YES_AGGRESSIVE;
				CLANG_CXX_LANGUAGE_STANDARD = "gnu++14";
				CLANG_CXX_LIBRARY = "libc++";
				CLANG_ENABLE_MODULES = YES;
				CLANG_ENABLE_OBJC_ARC = YES;
				CLANG_ENABLE_OBJC_WEAK = YES;
				CLANG_WARN_BLOCK_CAPTURE_AUTORELEASING = YES;
				CLANG_WARN_BOOL_CONVERSION = YES;
				CLANG_WARN_COMMA = YES;
				CLANG_WARN_CONSTANT_CONVERSION = YES;
				CLANG_WARN_DEPRECATED_OBJC_IMPLEMENTATIONS = YES;
				CLANG_WARN_DIRECT_OBJC_ISA_USAGE = YES_ERROR;
				CLANG_WARN_DOCUMENTATION_COMMENTS = YES;
				CLANG_WARN_EMPTY_BODY = YES;
				CLANG_WARN_ENUM_CONVERSION = YES;
				CLANG_WARN_INFINITE_RECURSION = YES;
				CLANG_WARN_INT_CONVERSION = YES;
				CLANG_WARN_NON_LITERAL_NULL_CONVERSION = YES;
				CLANG_WARN_OBJC_IMPLICIT_RETAIN_SELF = YES;
				CLANG_WARN_OBJC_LITERAL_CONVERSION = YES;
				CLANG_WARN_OBJC_ROOT_CLASS = YES_ERROR;
				CLANG_WARN_RANGE_LOOP_ANALYSIS = YES;
				CLANG_WARN_STRICT_PROTOTYPES = YES;
				CLANG_WARN_SUSPICIOUS_MOVE = YES;
				CLANG_WARN_UNGUARDED_AVAILABILITY = YES_AGGRESSIVE;
				CLANG_WARN_UNREACHABLE_CODE = YES;
				CLANG_WARN__DUPLICATE_METHOD_MATCH = YES;
				CODE_SIGN_IDENTITY = "iPhone Developer";
				COPY_PHASE_STRIP = NO;
				DEBUG_INFORMATION_FORMAT = "dwarf-with-dsym";
				ENABLE_NS_ASSERTIONS = NO;
				ENABLE_STRICT_OBJC_MSGSEND = YES;
				GCC_C_LANGUAGE_STANDARD = gnu11;
				GCC_NO_COMMON_BLOCKS = YES;
				GCC_WARN_64_TO_32_BIT_CONVERSION = YES;
				GCC_WARN_ABOUT_RETURN_TYPE = YES_ERROR;
				GCC_WARN_UNDECLARED_SELECTOR = YES;
				GCC_WARN_UNINITIALIZED_AUTOS = YES_AGGRESSIVE;
				GCC_WARN_UNUSED_FUNCTION = YES;
				GCC_WARN_UNUSED_VARIABLE = YES;
				IPHONEOS_DEPLOYMENT_TARGET = 12.1;
				MTL_ENABLE_DEBUG_INFO = NO;
				MTL_FAST_MATH = YES;
				SDKROOT = iphoneos;
				SWIFT_COMPILATION_MODE = wholemodule;
				SWIFT_OPTIMIZATION_LEVEL = "-O";
				VALIDATE_PRODUCT = YES;
			};
			name = Release;
		};
		251FF58F21C92A4400891BA0 /* Debug */ = {
			isa = XCBuildConfiguration;
			baseConfigurationReference = 60BA3B98FF71042A8235E0A1 /* Pods-SwipeMatchFirestore.debug.xcconfig */;
			buildSettings = {
				ASSETCATALOG_COMPILER_APPICON_NAME = AppIcon;
				CODE_SIGN_STYLE = Automatic;
				DEVELOPMENT_TEAM = 8AVGX53BU2;
				INFOPLIST_FILE = SwipeMatchFirestore/Info.plist;
				LD_RUNPATH_SEARCH_PATHS = (
					"$(inherited)",
					"@executable_path/Frameworks",
				);
				PRODUCT_BUNDLE_IDENTIFIER = com.DDub.SwipeMatchFirestore;
				PRODUCT_NAME = "$(TARGET_NAME)";
				SWIFT_VERSION = 4.2;
				TARGETED_DEVICE_FAMILY = "1,2";
			};
			name = Debug;
		};
		251FF59021C92A4400891BA0 /* Release */ = {
			isa = XCBuildConfiguration;
			baseConfigurationReference = DCF763684DD4C4D6E4F8F720 /* Pods-SwipeMatchFirestore.release.xcconfig */;
			buildSettings = {
				ASSETCATALOG_COMPILER_APPICON_NAME = AppIcon;
				CODE_SIGN_STYLE = Automatic;
				DEVELOPMENT_TEAM = 8AVGX53BU2;
				INFOPLIST_FILE = SwipeMatchFirestore/Info.plist;
				LD_RUNPATH_SEARCH_PATHS = (
					"$(inherited)",
					"@executable_path/Frameworks",
				);
				PRODUCT_BUNDLE_IDENTIFIER = com.DDub.SwipeMatchFirestore;
				PRODUCT_NAME = "$(TARGET_NAME)";
				SWIFT_VERSION = 4.2;
				TARGETED_DEVICE_FAMILY = "1,2";
			};
			name = Release;
		};
/* End XCBuildConfiguration section */

/* Begin XCConfigurationList section */
		251FF57721C92A4200891BA0 /* Build configuration list for PBXProject "SwipeMatchFirestore" */ = {
			isa = XCConfigurationList;
			buildConfigurations = (
				251FF58C21C92A4400891BA0 /* Debug */,
				251FF58D21C92A4400891BA0 /* Release */,
			);
			defaultConfigurationIsVisible = 0;
			defaultConfigurationName = Release;
		};
		251FF58E21C92A4400891BA0 /* Build configuration list for PBXNativeTarget "SwipeMatchFirestore" */ = {
			isa = XCConfigurationList;
			buildConfigurations = (
				251FF58F21C92A4400891BA0 /* Debug */,
				251FF59021C92A4400891BA0 /* Release */,
			);
			defaultConfigurationIsVisible = 0;
			defaultConfigurationName = Release;
		};
/* End XCConfigurationList section */
	};
	rootObject = 251FF57421C92A4200891BA0 /* Project object */;
}
